
Microsoft Visual Studio Solution File, Format Version 12.00
# Visual Studio Version 17
VisualStudioVersion = 17.13.35931.197 d17.13
MinimumVisualStudioVersion = 10.0.40219.1
Project("{2150E333-8FDC-42A3-9474-1A3956D46DE8}") = "API", "API", "{02EA681E-C7D8-13C7-8484-4AC65E1B71E8}"
EndProject
Project("{2150E333-8FDC-42A3-9474-1A3956D46DE8}") = "Core", "Core", "{6E94319B-40A5-4593-83C2-3D77514FCF38}"
EndProject
Project("{2150E333-8FDC-42A3-9474-1A3956D46DE8}") = "Infrastructure", "Infrastructure", "{1A597B48-B85B-4D6F-9921-46D3F9831D0E}"
EndProject
Project("{2150E333-8FDC-42A3-9474-1A3956D46DE8}") = "Tests", "Tests", "{EC5B3E65-80C4-45A7-A4D5-A98162FE708A}"
EndProject
Project("{2150E333-8FDC-42A3-9474-1A3956D46DE8}") = "UI", "UI", "{2FACAABB-E05E-410A-A1F7-16BE2976060C}"
EndProject
Project("{FAE04EC0-301F-11D3-BF4B-00C04F79EFBC}") = "SERPRankingApp.Application", "SERPRankingApp.Application\SERPRankingApp.Application.csproj", "{AF296ADD-2D86-4A0F-AE80-E49940102386}"
EndProject
Project("{FAE04EC0-301F-11D3-BF4B-00C04F79EFBC}") = "SERPRankingApp.Domain", "SERPRankingApp.Domain\SERPRankingApp.Domain.csproj", "{39461E6C-DE82-47F7-BC30-59B35D6DAC67}"
EndProject
Project("{FAE04EC0-301F-11D3-BF4B-00C04F79EFBC}") = "SERPRankingApp.Persistance", "SERPRankingApp.Persistance\SERPRankingApp.Persistance.csproj", "{A1F734F3-6BAC-48E4-AC16-7E947328410D}"
EndProject
Project("{FAE04EC0-301F-11D3-BF4B-00C04F79EFBC}") = "SERPRankingApp.Infrastructure", "SERPRankingApp.Infrastructure\SERPRankingApp.Infrastructure.csproj", "{BC2EF702-EEEB-43D7-8D10-F34A311D6C7F}"
EndProject
Project("{FAE04EC0-301F-11D3-BF4B-00C04F79EFBC}") = "SERPRankingApp.API", "SERPRankingApp.API\SERPRankingApp.API.csproj", "{7C086895-67B3-43B5-8FFF-123395118E61}"
EndProject
Project("{FAE04EC0-301F-11D3-BF4B-00C04F79EFBC}") = "SERPRankingApp.UI", "SERPRankingApp.UI\SERPRankingApp.UI.csproj", "{F697E212-8B6B-48EC-AA60-C78CFE164241}"
EndProject
Project("{FAE04EC0-301F-11D3-BF4B-00C04F79EFBC}") = "SERPRankingApp.Test", "SERPRankingApp.Test\SERPRankingApp.Test.csproj", "{9AF98C5E-7A83-42AB-A452-322253C15D43}"
EndProject
Global
	GlobalSection(SolutionConfigurationPlatforms) = preSolution
		Debug|Any CPU = Debug|Any CPU
		Release|Any CPU = Release|Any CPU
	EndGlobalSection
	GlobalSection(ProjectConfigurationPlatforms) = postSolution
		{AF296ADD-2D86-4A0F-AE80-E49940102386}.Debug|Any CPU.ActiveCfg = Debug|Any CPU
		{AF296ADD-2D86-4A0F-AE80-E49940102386}.Debug|Any CPU.Build.0 = Debug|Any CPU
		{AF296ADD-2D86-4A0F-AE80-E49940102386}.Release|Any CPU.ActiveCfg = Release|Any CPU
		{AF296ADD-2D86-4A0F-AE80-E49940102386}.Release|Any CPU.Build.0 = Release|Any CPU
		{39461E6C-DE82-47F7-BC30-59B35D6DAC67}.Debug|Any CPU.ActiveCfg = Debug|Any CPU
		{39461E6C-DE82-47F7-BC30-59B35D6DAC67}.Debug|Any CPU.Build.0 = Debug|Any CPU
		{39461E6C-DE82-47F7-BC30-59B35D6DAC67}.Release|Any CPU.ActiveCfg = Release|Any CPU
		{39461E6C-DE82-47F7-BC30-59B35D6DAC67}.Release|Any CPU.Build.0 = Release|Any CPU
		{A1F734F3-6BAC-48E4-AC16-7E947328410D}.Debug|Any CPU.ActiveCfg = Debug|Any CPU
		{A1F734F3-6BAC-48E4-AC16-7E947328410D}.Debug|Any CPU.Build.0 = Debug|Any CPU
		{A1F734F3-6BAC-48E4-AC16-7E947328410D}.Release|Any CPU.ActiveCfg = Release|Any CPU
		{A1F734F3-6BAC-48E4-AC16-7E947328410D}.Release|Any CPU.Build.0 = Release|Any CPU
		{BC2EF702-EEEB-43D7-8D10-F34A311D6C7F}.Debug|Any CPU.ActiveCfg = Debug|Any CPU
		{BC2EF702-EEEB-43D7-8D10-F34A311D6C7F}.Debug|Any CPU.Build.0 = Debug|Any CPU
		{BC2EF702-EEEB-43D7-8D10-F34A311D6C7F}.Release|Any CPU.ActiveCfg = Release|Any CPU
		{BC2EF702-EEEB-43D7-8D10-F34A311D6C7F}.Release|Any CPU.Build.0 = Release|Any CPU
		{7C086895-67B3-43B5-8FFF-123395118E61}.Debug|Any CPU.ActiveCfg = Debug|Any CPU
		{7C086895-67B3-43B5-8FFF-123395118E61}.Debug|Any CPU.Build.0 = Debug|Any CPU
		{7C086895-67B3-43B5-8FFF-123395118E61}.Release|Any CPU.ActiveCfg = Release|Any CPU
		{7C086895-67B3-43B5-8FFF-123395118E61}.Release|Any CPU.Build.0 = Release|Any CPU
		{F697E212-8B6B-48EC-AA60-C78CFE164241}.Debug|Any CPU.ActiveCfg = Debug|Any CPU
		{F697E212-8B6B-48EC-AA60-C78CFE164241}.Debug|Any CPU.Build.0 = Debug|Any CPU
		{F697E212-8B6B-48EC-AA60-C78CFE164241}.Release|Any CPU.ActiveCfg = Release|Any CPU
		{F697E212-8B6B-48EC-AA60-C78CFE164241}.Release|Any CPU.Build.0 = Release|Any CPU
		{9AF98C5E-7A83-42AB-A452-322253C15D43}.Debug|Any CPU.ActiveCfg = Debug|Any CPU
		{9AF98C5E-7A83-42AB-A452-322253C15D43}.Debug|Any CPU.Build.0 = Debug|Any CPU
		{9AF98C5E-7A83-42AB-A452-322253C15D43}.Release|Any CPU.ActiveCfg = Release|Any CPU
		{9AF98C5E-7A83-42AB-A452-322253C15D43}.Release|Any CPU.Build.0 = Release|Any CPU
	EndGlobalSection
	GlobalSection(SolutionProperties) = preSolution
		HideSolutionNode = FALSE
	EndGlobalSection
	GlobalSection(NestedProjects) = preSolution
		{AF296ADD-2D86-4A0F-AE80-E49940102386} = {6E94319B-40A5-4593-83C2-3D77514FCF38}
		{39461E6C-DE82-47F7-BC30-59B35D6DAC67} = {6E94319B-40A5-4593-83C2-3D77514FCF38}
		{A1F734F3-6BAC-48E4-AC16-7E947328410D} = {1A597B48-B85B-4D6F-9921-46D3F9831D0E}
		{BC2EF702-EEEB-43D7-8D10-F34A311D6C7F} = {1A597B48-B85B-4D6F-9921-46D3F9831D0E}
		{7C086895-67B3-43B5-8FFF-123395118E61} = {02EA681E-C7D8-13C7-8484-4AC65E1B71E8}
		{F697E212-8B6B-48EC-AA60-C78CFE164241} = {2FACAABB-E05E-410A-A1F7-16BE2976060C}
		{9AF98C5E-7A83-42AB-A452-322253C15D43} = {EC5B3E65-80C4-45A7-A4D5-A98162FE708A}
	EndGlobalSection
	GlobalSection(ExtensibilityGlobals) = postSolution
		SolutionGuid = {F0E6A089-66A1-4D3B-BDCA-14B65ED2CE53}
	EndGlobalSection
EndGlobal
